
Microsoft Visual Studio Solution File, Format Version 12.00
# Visual Studio 15
VisualStudioVersion = 15.0.28307.421
MinimumVisualStudioVersion = 10.0.40219.1
Project("{FAE04EC0-301F-11D3-BF4B-00C04F79EFBC}") = "CountingValleys", "CountingValleys\CountingValleys.csproj", "{79D9D3DD-69BB-4F57-B6CE-A1ACC227DFB0}"
EndProject
Global
	GlobalSection(SolutionConfigurationPlatforms) = preSolution
		Debug|Any CPU = Debug|Any CPU
		Release|Any CPU = Release|Any CPU
	EndGlobalSection
	GlobalSection(ProjectConfigurationPlatforms) = postSolution
		{79D9D3DD-69BB-4F57-B6CE-A1ACC227DFB0}.Debug|Any CPU.ActiveCfg = Debug|Any CPU
		{79D9D3DD-69BB-4F57-B6CE-A1ACC227DFB0}.Debug|Any CPU.Build.0 = Debug|Any CPU
		{79D9D3DD-69BB-4F57-B6CE-A1ACC227DFB0}.Release|Any CPU.ActiveCfg = Release|Any CPU
		{79D9D3DD-69BB-4F57-B6CE-A1ACC227DFB0}.Release|Any CPU.Build.0 = Release|Any CPU
	EndGlobalSection
	GlobalSection(SolutionProperties) = preSolution
		HideSolutionNode = FALSE
	EndGlobalSection
	GlobalSection(ExtensibilityGlobals) = postSolution
		SolutionGuid = {2E55AF3D-ED25-4777-8A2A-9478C36B1BCB}
	EndGlobalSection
EndGlobal
