
Microsoft Visual Studio Solution File, Format Version 12.00
# Visual Studio 15
VisualStudioVersion = 15.0.27428.2015
MinimumVisualStudioVersion = 10.0.40219.1
Project("{FAE04EC0-301F-11D3-BF4B-00C04F79EFBC}") = "Stopwatch2", "Stopwatch2\Stopwatch2.csproj", "{58C5E345-E2D1-4B7C-B6D6-C6DC9619B2A5}"
EndProject
Global
	GlobalSection(SolutionConfigurationPlatforms) = preSolution
		Debug|Any CPU = Debug|Any CPU
		Release|Any CPU = Release|Any CPU
	EndGlobalSection
	GlobalSection(ProjectConfigurationPlatforms) = postSolution
		{58C5E345-E2D1-4B7C-B6D6-C6DC9619B2A5}.Debug|Any CPU.ActiveCfg = Debug|Any CPU
		{58C5E345-E2D1-4B7C-B6D6-C6DC9619B2A5}.Debug|Any CPU.Build.0 = Debug|Any CPU
		{58C5E345-E2D1-4B7C-B6D6-C6DC9619B2A5}.Release|Any CPU.ActiveCfg = Release|Any CPU
		{58C5E345-E2D1-4B7C-B6D6-C6DC9619B2A5}.Release|Any CPU.Build.0 = Release|Any CPU
	EndGlobalSection
	GlobalSection(SolutionProperties) = preSolution
		HideSolutionNode = FALSE
	EndGlobalSection
	GlobalSection(ExtensibilityGlobals) = postSolution
		SolutionGuid = {BFAAE626-FFD6-4F7F-A743-3B533656F323}
	EndGlobalSection
EndGlobal
