
Microsoft Visual Studio Solution File, Format Version 12.00
# Visual Studio 15
VisualStudioVersion = 15.0.27428.2015
MinimumVisualStudioVersion = 10.0.40219.1
Project("{FAE04EC0-301F-11D3-BF4B-00C04F79EFBC}") = "DataStackWithArray", "DataStackWithArray\DataStackWithArray.csproj", "{F9F2C067-0340-43B9-BB31-AF59A307E6F8}"
EndProject
Global
	GlobalSection(SolutionConfigurationPlatforms) = preSolution
		Debug|Any CPU = Debug|Any CPU
		Release|Any CPU = Release|Any CPU
	EndGlobalSection
	GlobalSection(ProjectConfigurationPlatforms) = postSolution
		{F9F2C067-0340-43B9-BB31-AF59A307E6F8}.Debug|Any CPU.ActiveCfg = Debug|Any CPU
		{F9F2C067-0340-43B9-BB31-AF59A307E6F8}.Debug|Any CPU.Build.0 = Debug|Any CPU
		{F9F2C067-0340-43B9-BB31-AF59A307E6F8}.Release|Any CPU.ActiveCfg = Release|Any CPU
		{F9F2C067-0340-43B9-BB31-AF59A307E6F8}.Release|Any CPU.Build.0 = Release|Any CPU
	EndGlobalSection
	GlobalSection(SolutionProperties) = preSolution
		HideSolutionNode = FALSE
	EndGlobalSection
	GlobalSection(ExtensibilityGlobals) = postSolution
		SolutionGuid = {8623B531-242A-4399-BEAD-D4BA94361F29}
	EndGlobalSection
EndGlobal
