
Microsoft Visual Studio Solution File, Format Version 12.00
# Visual Studio 15
VisualStudioVersion = 15.0.27428.2015
MinimumVisualStudioVersion = 10.0.40219.1
Project("{FAE04EC0-301F-11D3-BF4B-00C04F79EFBC}") = "Stopwatch excersize", "Stopwatch excersize\Stopwatch excersize.csproj", "{AFC0B36F-C5B3-4F3D-A91F-1079F9B36BDB}"
EndProject
Global
	GlobalSection(SolutionConfigurationPlatforms) = preSolution
		Debug|Any CPU = Debug|Any CPU
		Release|Any CPU = Release|Any CPU
	EndGlobalSection
	GlobalSection(ProjectConfigurationPlatforms) = postSolution
		{AFC0B36F-C5B3-4F3D-A91F-1079F9B36BDB}.Debug|Any CPU.ActiveCfg = Debug|Any CPU
		{AFC0B36F-C5B3-4F3D-A91F-1079F9B36BDB}.Debug|Any CPU.Build.0 = Debug|Any CPU
		{AFC0B36F-C5B3-4F3D-A91F-1079F9B36BDB}.Release|Any CPU.ActiveCfg = Release|Any CPU
		{AFC0B36F-C5B3-4F3D-A91F-1079F9B36BDB}.Release|Any CPU.Build.0 = Release|Any CPU
	EndGlobalSection
	GlobalSection(SolutionProperties) = preSolution
		HideSolutionNode = FALSE
	EndGlobalSection
	GlobalSection(ExtensibilityGlobals) = postSolution
		SolutionGuid = {E551DB09-9384-455D-AFFA-C1D496B4559A}
	EndGlobalSection
EndGlobal
