
Microsoft Visual Studio Solution File, Format Version 12.00
# Visual Studio 15
VisualStudioVersion = 15.0.28307.421
MinimumVisualStudioVersion = 10.0.40219.1
Project("{FAE04EC0-301F-11D3-BF4B-00C04F79EFBC}") = "ArraysLeftRotation", "ArraysLeftRotation\ArraysLeftRotation.csproj", "{FA3C24FE-DE1E-450D-8376-A84FFA60271B}"
EndProject
Global
	GlobalSection(SolutionConfigurationPlatforms) = preSolution
		Debug|Any CPU = Debug|Any CPU
		Release|Any CPU = Release|Any CPU
	EndGlobalSection
	GlobalSection(ProjectConfigurationPlatforms) = postSolution
		{FA3C24FE-DE1E-450D-8376-A84FFA60271B}.Debug|Any CPU.ActiveCfg = Debug|Any CPU
		{FA3C24FE-DE1E-450D-8376-A84FFA60271B}.Debug|Any CPU.Build.0 = Debug|Any CPU
		{FA3C24FE-DE1E-450D-8376-A84FFA60271B}.Release|Any CPU.ActiveCfg = Release|Any CPU
		{FA3C24FE-DE1E-450D-8376-A84FFA60271B}.Release|Any CPU.Build.0 = Release|Any CPU
	EndGlobalSection
	GlobalSection(SolutionProperties) = preSolution
		HideSolutionNode = FALSE
	EndGlobalSection
	GlobalSection(ExtensibilityGlobals) = postSolution
		SolutionGuid = {4D246A3C-1AF5-4462-AF0D-91F0C52F460D}
	EndGlobalSection
EndGlobal
