
Microsoft Visual Studio Solution File, Format Version 12.00
# Visual Studio 15
VisualStudioVersion = 15.0.28307.421
MinimumVisualStudioVersion = 10.0.40219.1
Project("{FAE04EC0-301F-11D3-BF4B-00C04F79EFBC}") = "InterfacesExcersize", "InterfacesExcersize\InterfacesExcersize.csproj", "{443A2FE3-978A-4E5A-BA57-236D35CC01A4}"
EndProject
Global
	GlobalSection(SolutionConfigurationPlatforms) = preSolution
		Debug|Any CPU = Debug|Any CPU
		Release|Any CPU = Release|Any CPU
	EndGlobalSection
	GlobalSection(ProjectConfigurationPlatforms) = postSolution
		{443A2FE3-978A-4E5A-BA57-236D35CC01A4}.Debug|Any CPU.ActiveCfg = Debug|Any CPU
		{443A2FE3-978A-4E5A-BA57-236D35CC01A4}.Debug|Any CPU.Build.0 = Debug|Any CPU
		{443A2FE3-978A-4E5A-BA57-236D35CC01A4}.Release|Any CPU.ActiveCfg = Release|Any CPU
		{443A2FE3-978A-4E5A-BA57-236D35CC01A4}.Release|Any CPU.Build.0 = Release|Any CPU
	EndGlobalSection
	GlobalSection(SolutionProperties) = preSolution
		HideSolutionNode = FALSE
	EndGlobalSection
	GlobalSection(ExtensibilityGlobals) = postSolution
		SolutionGuid = {EAEC5E06-CBFC-46E9-A0E7-DA2E1F2853D7}
	EndGlobalSection
EndGlobal
