
Microsoft Visual Studio Solution File, Format Version 12.00
# Visual Studio 15
VisualStudioVersion = 15.0.27428.2015
MinimumVisualStudioVersion = 10.0.40219.1
Project("{FAE04EC0-301F-11D3-BF4B-00C04F79EFBC}") = "UpcastingAndDowncasting", "UpcastingAndDowncasting\UpcastingAndDowncasting.csproj", "{2DA41DA5-D046-4FF7-9736-DB7C6DA37DBC}"
EndProject
Global
	GlobalSection(SolutionConfigurationPlatforms) = preSolution
		Debug|Any CPU = Debug|Any CPU
		Release|Any CPU = Release|Any CPU
	EndGlobalSection
	GlobalSection(ProjectConfigurationPlatforms) = postSolution
		{2DA41DA5-D046-4FF7-9736-DB7C6DA37DBC}.Debug|Any CPU.ActiveCfg = Debug|Any CPU
		{2DA41DA5-D046-4FF7-9736-DB7C6DA37DBC}.Debug|Any CPU.Build.0 = Debug|Any CPU
		{2DA41DA5-D046-4FF7-9736-DB7C6DA37DBC}.Release|Any CPU.ActiveCfg = Release|Any CPU
		{2DA41DA5-D046-4FF7-9736-DB7C6DA37DBC}.Release|Any CPU.Build.0 = Release|Any CPU
	EndGlobalSection
	GlobalSection(SolutionProperties) = preSolution
		HideSolutionNode = FALSE
	EndGlobalSection
	GlobalSection(ExtensibilityGlobals) = postSolution
		SolutionGuid = {92BA1065-E56B-4869-91A2-6D9C25EBA46B}
	EndGlobalSection
EndGlobal
